github.com/gaissmai/go-ivaltree v0.0.0-20210310175117-27a6437885bf h1:vXSrPevUzlzMXDvfEHM2FODhQF3dF75uJ44pn3MIt3Y=
github.com/gaissmai/go-ivaltree v0.0.0-20210310175117-27a6437885bf/go.mod h1:EFhpCZ3Le5fb+NaLmBHdnD0n6tzD7VSHoGzhjk7CHF0=
github.com/gaissmai/go-ivaltree v0.0.1-alpha-4 h1:KbYJUROHyEA0De5xTyVc0PV3i5nGCbcEZHrfIyHo7Ak=
github.com/gaissmai/go-ivaltree v0.0.1-alpha-4/go.mod h1:EFhpCZ3Le5fb+NaLmBHdnD0n6tzD7VSHoGzhjk7CHF0=
github.com/gaissmai/go-ivaltree v0.0.2 h1:rhCGH38yPy40mFAiqKMQMBTJ2iUOHWfbO+4+eBir2v8=
github.com/gaissmai/go-ivaltree v0.0.2/go.mod h1:EFhpCZ3Le5fb+NaLmBHdnD0n6tzD7VSHoGzhjk7CHF0=
github.com/gaissmai/go-ivaltree v0.0.3-0.20210311053050-785edc3faab3 h1:rVZ+jd6Wa0sk8pLPC6jL8aj1kTd/uYVC2OcP4Eox0Gk=
github.com/gaissmai/go-ivaltree v0.0.3-0.20210311053050-785edc3faab3/go.mod h1:EFhpCZ3Le5fb+NaLmBHdnD0n6tzD7VSHoGzhjk7CHF0=
github.com/gaissmai/go-ivaltree v0.0.3 h1:a+TdHEi2Qtw+ZWpnr9ubYwVo2/gbSSmyNeT+c1beSYg=
github.com/gaissmai/go-ivaltree v0.0.3/go.mod h1:EFhpCZ3Le5fb+NaLmBHdnD0n6tzD7VSHoGzhjk7CHF0=
github.com/gaissmai/go-ivaltree v0.0.4-pre h1:+xpEVzJGaNRdWaOEmoCPO9ZfqcaED8WEE4+Xlv7wp7A=
github.com/gaissmai/go-ivaltree v0.0.4-pre/go.mod h1:EFhpCZ3Le5fb+NaLmBHdnD0n6tzD7VSHoGzhjk7CHF0=
github.com/gaissmai/go-ivaltree v0.0.5 h1:rnArdrYGqNSAjxtdHyUqH/iK7c9EqChggNa6DFIizeA=
github.com/gaissmai/go-ivaltree v0.0.5/go.mod h1:EFhpCZ3Le5fb+NaLmBHdnD0n6tzD7VSHoGzhjk7CHF0=
